
Microsoft Visual Studio Solution File, Format Version 12.00
# Visual Studio 15
VisualStudioVersion = 15.0.27428.2005
MinimumVisualStudioVersion = 10.0.40219.1
Project("{9A19103F-16F7-4668-BE54-9A1E7A4F7556}") = "DnDSimulator", "DnDSimulator\DnDSimulator.csproj", "{C510ED47-1DBC-4CA6-A233-0E29EED6B48C}"
EndProject
Project("{2150E333-8FDC-42A3-9474-1A3956D46DE8}") = "Solution Items", "Solution Items", "{F48FD88C-B5F3-440B-AC69-38C8102DCD3B}"
	ProjectSection(SolutionItems) = preProject
		.gitattributes = .gitattributes
		.gitignore = .gitignore
		LICENSE = LICENSE
		README.md = README.md
	EndProjectSection
EndProject
Global
	GlobalSection(SolutionConfigurationPlatforms) = preSolution
		Debug|Any CPU = Debug|Any CPU
		Release|Any CPU = Release|Any CPU
	EndGlobalSection
	GlobalSection(ProjectConfigurationPlatforms) = postSolution
		{C510ED47-1DBC-4CA6-A233-0E29EED6B48C}.Debug|Any CPU.ActiveCfg = Debug|Any CPU
		{C510ED47-1DBC-4CA6-A233-0E29EED6B48C}.Debug|Any CPU.Build.0 = Debug|Any CPU
		{C510ED47-1DBC-4CA6-A233-0E29EED6B48C}.Release|Any CPU.ActiveCfg = Release|Any CPU
		{C510ED47-1DBC-4CA6-A233-0E29EED6B48C}.Release|Any CPU.Build.0 = Release|Any CPU
	EndGlobalSection
	GlobalSection(SolutionProperties) = preSolution
		HideSolutionNode = FALSE
	EndGlobalSection
	GlobalSection(ExtensibilityGlobals) = postSolution
		SolutionGuid = {7EA73CB0-8A52-49E1-8B38-5F8FC33C5D4D}
	EndGlobalSection
EndGlobal
